
Microsoft Visual Studio Solution File, Format Version 11.00
# Visual Studio 2010
Project("{FAE04EC0-301F-11D3-BF4B-00C04F79EFBC}") = "AmnestyInternational", "AmnestyInternational.csproj", "{EC95FD65-EE9C-4740-A105-C1B57EF76AA6}"
EndProject
Global
	GlobalSection(SolutionConfigurationPlatforms) = preSolution
		Debug|Any CPU = Debug|Any CPU
		Release|Any CPU = Release|Any CPU
	EndGlobalSection
	GlobalSection(ProjectConfigurationPlatforms) = postSolution
		{EC95FD65-EE9C-4740-A105-C1B57EF76AA6}.Debug|Any CPU.ActiveCfg = Debug|Any CPU
		{EC95FD65-EE9C-4740-A105-C1B57EF76AA6}.Debug|Any CPU.Build.0 = Debug|Any CPU
		{EC95FD65-EE9C-4740-A105-C1B57EF76AA6}.Release|Any CPU.ActiveCfg = Release|Any CPU
		{EC95FD65-EE9C-4740-A105-C1B57EF76AA6}.Release|Any CPU.Build.0 = Release|Any CPU
	EndGlobalSection
EndGlobal
